lockfileVersion: '9.0'

settings:
  autoInstallPeers: true
  excludeLinksFromLockfile: false

importers:
  .:
    devDependencies:
      '@eslint/js':
        specifier: ^9.30.1
        version: 9.30.1
      '@types/node':
        specifier: ^22.15.34
        version: 22.15.34
      eslint:
        specifier: ^9.30.1
        version: 9.30.1
      prettier:
        specifier: ^3.6.2
        version: 3.6.2
      typescript:
        specifier: ^5.8.3
        version: 5.8.3
      typescript-eslint:
        specifier: ^8.35.1
        version: 8.35.1(eslint@9.30.1)(typescript@5.8.3)

  apps/api:
    dependencies:
      '@nestjs/common':
        specifier: ^10.4.15
        version: 10.4.15(reflect-metadata@0.2.2)(rxjs@7.8.1)
      '@nestjs/core':
        specifier: ^10.4.15
        version: 10.4.15(@nestjs/common@10.4.15(reflect-metadata@0.2.2)(rxjs@7.8.1))(@nestjs/platform-express@10.4.15)(reflect-metadata@0.2.2)(rxjs@7.8.1)
      '@nestjs/platform-express':
        specifier: ^10.4.15
        version: 10.4.15(@nestjs/common@10.4.15(reflect-metadata@0.2.2)(rxjs@7.8.1))(@nestjs/core@10.4.15)
      reflect-metadata:
        specifier: ^0.2.2
        version: 0.2.2
      rxjs:
        specifier: ^7.8.1
        version: 7.8.1
    devDependencies:
      '@nestjs/cli':
        specifier: ^10.4.9
        version: 10.4.9
      '@nestjs/schematics':
        specifier: ^10.2.3
        version: 10.2.3(typescript@5.8.3)
      '@types/express':
        specifier: ^5.0.0
        version: 5.0.0
      typescript:
        specifier: ^5.8.3
        version: 5.8.3

  apps/web:
    dependencies:
      '@sli/ui':
        specifier: workspace:*
        version: link:../../packages/ui
      class-variance-authority:
        specifier: ^0.7.1
        version: 0.7.1
      clsx:
        specifier: ^2.1.1
        version: 2.1.1
      lucide-react:
        specifier: ^0.468.0
        version: 0.468.0(react@19.0.0)
      next:
        specifier: ^15.1.4
        version: 15.1.4(react-dom@19.0.0(react@19.0.0))(react@19.0.0)
      react:
        specifier: ^19.0.0
        version: 19.0.0
      react-dom:
        specifier: ^19.0.0
        version: 19.0.0(react@19.0.0)
      tailwind-merge:
        specifier: ^2.6.0
        version: 2.6.0
      tailwindcss-animate:
        specifier: ^1.0.7
        version: 1.0.7(tailwindcss@3.4.17)
    devDependencies:
      '@types/react':
        specifier: ^19.0.7
        version: 19.0.7
      '@types/react-dom':
        specifier: ^19.0.3
        version: 19.0.3(@types/react@19.0.7)
      autoprefixer:
        specifier: ^10.4.20
        version: 10.4.20(postcss@8.4.49)
      eslint-config-next:
        specifier: ^15.1.4
        version: 15.1.4(eslint@9.30.1)(typescript@5.8.3)
      postcss:
        specifier: ^8.4.49
        version: 8.4.49
      tailwindcss:
        specifier: ^3.4.17
        version: 3.4.17
      typescript:
        specifier: ^5.8.3
        version: 5.8.3

  apps/workers:
    devDependencies:
      tsx:
        specifier: ^4.19.2
        version: 4.19.2
      typescript:
        specifier: ^5.8.3
        version: 5.8.3

  packages/agent-tools:
    devDependencies:
      typescript:
        specifier: ^5.8.3
        version: 5.8.3

  packages/config:
    devDependencies:
      typescript:
        specifier: ^5.8.3
        version: 5.8.3

  packages/db:
    devDependencies:
      typescript:
        specifier: ^5.8.3
        version: 5.8.3

  packages/schemas:
    devDependencies:
      typescript:
        specifier: ^5.8.3
        version: 5.8.3

  packages/types:
    devDependencies:
      typescript:
        specifier: ^5.8.3
        version: 5.8.3

  packages/ui:
    devDependencies:
      typescript:
        specifier: ^5.8.3
        version: 5.8.3

  packages/utils:
    devDependencies:
      typescript:
        specifier: ^5.8.3
        version: 5.8.3
